# THIS IS AN AUTOGENERATED FILE. DO NOT EDIT THIS FILE DIRECTLY.
# yarn lockfile v1


"@brigadecore/brigadier@2.0.0-alpha.4":
  version "2.0.0-alpha.4"
  resolved "https://registry.yarnpkg.com/@brigadecore/brigadier/-/brigadier-2.0.0-alpha.4.tgz#96b77325af8c4f4f85bdad965d915f25085d55fb"
  integrity sha512-Rl5fnFEFRTLJmbn4KIhxhtYYM2Ehd8gYB+8rHv5/qbUbIKALK3sZ/EygcU8z6hmyEojeQ0vvS7xLhxIjKcuLzQ==
  dependencies:
    "@types/node" "^14.14.11"

"@types/node@^14.14.11":
  version "14.14.37"
  resolved "https://registry.yarnpkg.com/@types/node/-/node-14.14.37.tgz#a3dd8da4eb84a996c36e331df98d82abd76b516e"
  integrity sha512-XYmBiy+ohOR4Lh5jE379fV2IU+6Jn4g5qASinhitfyO71b/sCo6MKsMLF5tc7Zf2CE8hViVQyYSobJNke8OvUw==

unique-names-generator@4.4.0:
  version "4.4.0"
  resolved "https://registry.yarnpkg.com/unique-names-generator/-/unique-names-generator-4.4.0.tgz#8adc33aaff899beaa36247965090bb154370df3f"
  integrity sha512-0noP+m59TGwolNqnmXfiqMA5KiTudIk6D0VgzNkk2C1Jv3Lr+sY3T07nEWBg8Uq92/FjGca1klsRR6CXFriqFw==
