# THIS IS AN AUTOGENERATED FILE. DO NOT EDIT THIS FILE DIRECTLY.
# yarn lockfile v1


"@brigadecore/brigadier@2.0.0-alpha.5":
  version "2.0.0-alpha.5"
  resolved "https://registry.yarnpkg.com/@brigadecore/brigadier/-/brigadier-2.0.0-alpha.5.tgz#d053d3db78e1828c9b992eadf15eac7ed916943e"
  integrity sha512-XGWanIOpiiRi46n+yD0B+1hkpnEEPoHEwEn7Ut2gP1i0dK6xC6aWq90flM4Np/k365qjS1CLkLtQIkplVPyVag==
  dependencies:
    "@types/node" "^14.14.11"

"@types/node@^14.14.11":
  version "14.14.37"
  resolved "https://registry.yarnpkg.com/@types/node/-/node-14.14.37.tgz#a3dd8da4eb84a996c36e331df98d82abd76b516e"
  integrity sha512-XYmBiy+ohOR4Lh5jE379fV2IU+6Jn4g5qASinhitfyO71b/sCo6MKsMLF5tc7Zf2CE8hViVQyYSobJNke8OvUw==

unique-names-generator@4.4.0:
  version "4.4.0"
  resolved "https://registry.yarnpkg.com/unique-names-generator/-/unique-names-generator-4.4.0.tgz#8adc33aaff899beaa36247965090bb154370df3f"
  integrity sha512-0noP+m59TGwolNqnmXfiqMA5KiTudIk6D0VgzNkk2C1Jv3Lr+sY3T07nEWBg8Uq92/FjGca1klsRR6CXFriqFw==
