# THIS IS AN AUTOGENERATED FILE. DO NOT EDIT THIS FILE DIRECTLY.
# yarn lockfile v1


"@brigadecore/brigadier@^2.0.0-alpha.5":
  version "2.0.0-alpha.5"
  resolved "https://registry.yarnpkg.com/@brigadecore/brigadier/-/brigadier-2.0.0-alpha.5.tgz#d053d3db78e1828c9b992eadf15eac7ed916943e"
  integrity sha512-XGWanIOpiiRi46n+yD0B+1hkpnEEPoHEwEn7Ut2gP1i0dK6xC6aWq90flM4Np/k365qjS1CLkLtQIkplVPyVag==
  dependencies:
    "@types/node" "^14.14.11"

"@types/node@^14.14.11":
  version "14.17.1"
  resolved "https://registry.yarnpkg.com/@types/node/-/node-14.17.1.tgz#5e07e0cb2ff793aa7a1b41deae76221e6166049f"
  integrity sha512-/tpUyFD7meeooTRwl3sYlihx2BrJE7q9XF71EguPFIySj9B7qgnRtHsHTho+0AUm4m1SvWGm6uSncrR94q6Vtw==
