{
  "name": ".brigade",
  "lockfileVersion": 2,
  "requires": true,
  "packages": {
    "": {
      "dependencies": {
        "@brigadecore/brigadier": "2.0.0-alpha.1",
        "unique-names-generator": "4.4.0"
      }
    },
    "node_modules/@brigadecore/brigadier": {
      "version": "2.0.0-alpha.1",
      "resolved": "https://registry.npmjs.org/@brigadecore/brigadier/-/brigadier-2.0.0-alpha.1.tgz",
      "integrity": "sha512-94mnFwkxrhXNGNeTRF1SKK6oTTnsXaHLGF7dGxTv2MXRa3NQE0W+WsXDYJCqLqnrn04vpqzkPyRFZyfd3ezGig==",
      "license": "Apache-2.0"
    },
    "node_modules/unique-names-generator": {
      "version": "4.4.0",
      "resolved": "https://registry.npmjs.org/unique-names-generator/-/unique-names-generator-4.4.0.tgz",
      "integrity": "sha512-0noP+m59TGwolNqnmXfiqMA5KiTudIk6D0VgzNkk2C1Jv3Lr+sY3T07nEWBg8Uq92/FjGca1klsRR6CXFriqFw==",
      "license": "MIT",
      "engines": {
        "node": ">=6"
      }
    }
  },
  "dependencies": {
    "@brigadecore/brigadier": {
      "version": "2.0.0-alpha.1",
      "resolved": "https://registry.npmjs.org/@brigadecore/brigadier/-/brigadier-2.0.0-alpha.1.tgz",
      "integrity": "sha512-94mnFwkxrhXNGNeTRF1SKK6oTTnsXaHLGF7dGxTv2MXRa3NQE0W+WsXDYJCqLqnrn04vpqzkPyRFZyfd3ezGig=="
    },
    "unique-names-generator": {
      "version": "4.4.0",
      "resolved": "https://registry.npmjs.org/unique-names-generator/-/unique-names-generator-4.4.0.tgz",
      "integrity": "sha512-0noP+m59TGwolNqnmXfiqMA5KiTudIk6D0VgzNkk2C1Jv3Lr+sY3T07nEWBg8Uq92/FjGca1klsRR6CXFriqFw=="
    }
  }
}
