{
  "name": ".brigade",
  "lockfileVersion": 2,
  "requires": true,
  "packages": {
    "": {
      "dependencies": {
        "@brigadecore/brigadier": "2.0.0-beta.3",
        "unique-names-generator": "4.4.0"
      }
    },
    "node_modules/@brigadecore/brigadier": {
      "version": "2.0.0-beta.3",
      "resolved": "https://registry.npmjs.org/@brigadecore/brigadier/-/brigadier-2.0.0-beta.3.tgz",
      "integrity": "sha512-tOfJ1jnnRR80pMfN6NPsG3AJqgoefUHrzFOcLZHGoz2OdIG+Q10GzM8Km32r+LnhPImWQ0V4PVi06fGP2q1+bQ==",
      "dependencies": {
        "@types/node": "^14.14.11",
        "typescript": "4.1.6"
      }
    },
    "node_modules/@types/node": {
      "version": "14.14.37",
      "resolved": "https://registry.npmjs.org/@types/node/-/node-14.14.37.tgz",
      "integrity": "sha512-XYmBiy+ohOR4Lh5jE379fV2IU+6Jn4g5qASinhitfyO71b/sCo6MKsMLF5tc7Zf2CE8hViVQyYSobJNke8OvUw=="
    },
    "node_modules/typescript": {
      "version": "4.1.6",
      "resolved": "https://registry.npmjs.org/typescript/-/typescript-4.1.6.tgz",
      "integrity": "sha512-pxnwLxeb/Z5SP80JDRzVjh58KsM6jZHRAOtTpS7sXLS4ogXNKC9ANxHHZqLLeVHZN35jCtI4JdmLLbLiC1kBow==",
      "bin": {
        "tsc": "bin/tsc",
        "tsserver": "bin/tsserver"
      },
      "engines": {
        "node": ">=4.2.0"
      }
    },
    "node_modules/unique-names-generator": {
      "version": "4.4.0",
      "resolved": "https://registry.npmjs.org/unique-names-generator/-/unique-names-generator-4.4.0.tgz",
      "integrity": "sha512-0noP+m59TGwolNqnmXfiqMA5KiTudIk6D0VgzNkk2C1Jv3Lr+sY3T07nEWBg8Uq92/FjGca1klsRR6CXFriqFw==",
      "license": "MIT",
      "engines": {
        "node": ">=6"
      }
    }
  },
  "dependencies": {
    "@brigadecore/brigadier": {
      "version": "2.0.0-beta.3",
      "resolved": "https://registry.npmjs.org/@brigadecore/brigadier/-/brigadier-2.0.0-beta.3.tgz",
      "integrity": "sha512-tOfJ1jnnRR80pMfN6NPsG3AJqgoefUHrzFOcLZHGoz2OdIG+Q10GzM8Km32r+LnhPImWQ0V4PVi06fGP2q1+bQ==",
      "requires": {
        "@types/node": "^14.14.11",
        "typescript": "4.1.6"
      }
    },
    "@types/node": {
      "version": "14.14.37",
      "resolved": "https://registry.npmjs.org/@types/node/-/node-14.14.37.tgz",
      "integrity": "sha512-XYmBiy+ohOR4Lh5jE379fV2IU+6Jn4g5qASinhitfyO71b/sCo6MKsMLF5tc7Zf2CE8hViVQyYSobJNke8OvUw=="
    },
    "typescript": {
      "version": "4.1.6",
      "resolved": "https://registry.npmjs.org/typescript/-/typescript-4.1.6.tgz",
      "integrity": "sha512-pxnwLxeb/Z5SP80JDRzVjh58KsM6jZHRAOtTpS7sXLS4ogXNKC9ANxHHZqLLeVHZN35jCtI4JdmLLbLiC1kBow=="
    },
    "unique-names-generator": {
      "version": "4.4.0",
      "resolved": "https://registry.npmjs.org/unique-names-generator/-/unique-names-generator-4.4.0.tgz",
      "integrity": "sha512-0noP+m59TGwolNqnmXfiqMA5KiTudIk6D0VgzNkk2C1Jv3Lr+sY3T07nEWBg8Uq92/FjGca1klsRR6CXFriqFw=="
    }
  }
}
