{
  "name": ".brigade",
  "lockfileVersion": 2,
  "requires": true,
  "packages": {
    "": {
      "dependencies": {
        "@brigadecore/brigadier": "2.0.0-alpha.5",
        "unique-names-generator": "4.4.0"
      }
    },
    "node_modules/@brigadecore/brigadier": {
      "version": "2.0.0-alpha.5",
      "resolved": "https://registry.npmjs.org/@brigadecore/brigadier/-/brigadier-2.0.0-alpha.5.tgz",
      "integrity": "sha512-XGWanIOpiiRi46n+yD0B+1hkpnEEPoHEwEn7Ut2gP1i0dK6xC6aWq90flM4Np/k365qjS1CLkLtQIkplVPyVag==",
      "dependencies": {
        "@types/node": "^14.14.11"
      }
    },
    "node_modules/@types/node": {
      "version": "14.14.37",
      "resolved": "https://registry.npmjs.org/@types/node/-/node-14.14.37.tgz",
      "integrity": "sha512-XYmBiy+ohOR4Lh5jE379fV2IU+6Jn4g5qASinhitfyO71b/sCo6MKsMLF5tc7Zf2CE8hViVQyYSobJNke8OvUw=="
    },
    "node_modules/unique-names-generator": {
      "version": "4.4.0",
      "resolved": "https://registry.npmjs.org/unique-names-generator/-/unique-names-generator-4.4.0.tgz",
      "integrity": "sha512-0noP+m59TGwolNqnmXfiqMA5KiTudIk6D0VgzNkk2C1Jv3Lr+sY3T07nEWBg8Uq92/FjGca1klsRR6CXFriqFw==",
      "license": "MIT",
      "engines": {
        "node": ">=6"
      }
    }
  },
  "dependencies": {
    "@brigadecore/brigadier": {
      "version": "2.0.0-alpha.5",
      "resolved": "https://registry.npmjs.org/@brigadecore/brigadier/-/brigadier-2.0.0-alpha.5.tgz",
      "integrity": "sha512-XGWanIOpiiRi46n+yD0B+1hkpnEEPoHEwEn7Ut2gP1i0dK6xC6aWq90flM4Np/k365qjS1CLkLtQIkplVPyVag==",
      "requires": {
        "@types/node": "^14.14.11"
      }
    },
    "@types/node": {
      "version": "14.14.37",
      "resolved": "https://registry.npmjs.org/@types/node/-/node-14.14.37.tgz",
      "integrity": "sha512-XYmBiy+ohOR4Lh5jE379fV2IU+6Jn4g5qASinhitfyO71b/sCo6MKsMLF5tc7Zf2CE8hViVQyYSobJNke8OvUw=="
    },
    "unique-names-generator": {
      "version": "4.4.0",
      "resolved": "https://registry.npmjs.org/unique-names-generator/-/unique-names-generator-4.4.0.tgz",
      "integrity": "sha512-0noP+m59TGwolNqnmXfiqMA5KiTudIk6D0VgzNkk2C1Jv3Lr+sY3T07nEWBg8Uq92/FjGca1klsRR6CXFriqFw=="
    }
  }
}
