# THIS IS AN AUTOGENERATED FILE. DO NOT EDIT THIS FILE DIRECTLY.
# yarn lockfile v1


"@brigadecore/brigadier@2.0.0-beta.3":
  version "2.0.0-beta.3"
  resolved "https://registry.yarnpkg.com/@brigadecore/brigadier/-/brigadier-2.0.0-beta.3.tgz#ca8d60129f18ba84dcca77f28f534c9ccbed4a43"
  integrity sha512-tOfJ1jnnRR80pMfN6NPsG3AJqgoefUHrzFOcLZHGoz2OdIG+Q10GzM8Km32r+LnhPImWQ0V4PVi06fGP2q1+bQ==
  dependencies:
    "@types/node" "^14.14.11"
    typescript "4.1.6"

"@types/node@^14.14.11":
  version "14.14.37"
  resolved "https://registry.yarnpkg.com/@types/node/-/node-14.14.37.tgz#a3dd8da4eb84a996c36e331df98d82abd76b516e"
  integrity sha512-XYmBiy+ohOR4Lh5jE379fV2IU+6Jn4g5qASinhitfyO71b/sCo6MKsMLF5tc7Zf2CE8hViVQyYSobJNke8OvUw==

typescript@4.1.6:
  version "4.1.6"
  resolved "https://registry.yarnpkg.com/typescript/-/typescript-4.1.6.tgz#1becd85d77567c3c741172339e93ce2e69932138"
  integrity sha512-pxnwLxeb/Z5SP80JDRzVjh58KsM6jZHRAOtTpS7sXLS4ogXNKC9ANxHHZqLLeVHZN35jCtI4JdmLLbLiC1kBow==

unique-names-generator@4.4.0:
  version "4.4.0"
  resolved "https://registry.yarnpkg.com/unique-names-generator/-/unique-names-generator-4.4.0.tgz#8adc33aaff899beaa36247965090bb154370df3f"
  integrity sha512-0noP+m59TGwolNqnmXfiqMA5KiTudIk6D0VgzNkk2C1Jv3Lr+sY3T07nEWBg8Uq92/FjGca1klsRR6CXFriqFw==
