# THIS IS AN AUTOGENERATED FILE. DO NOT EDIT THIS FILE DIRECTLY.
# yarn lockfile v1


"@brigadecore/brigadier@2.0.0":
  version "2.0.0"
  resolved "https://registry.yarnpkg.com/@brigadecore/brigadier/-/brigadier-2.0.0.tgz#49fb5652d751a2efd3802fc529aa656a8d7c0722"
  integrity sha512-kSysSsTAnRIKfANRjqdpWmv7opPwzqj5UReyjs3iKfkAvi4tbwe+uqq18LQ4aNkl1mehaPRrXWpGzt7KfZTUeQ==
  dependencies:
    "@types/node" "^16.10.3"
    typescript "4.4.3"

"@types/node@^16.10.3":
  version "16.11.7"
  resolved "https://registry.yarnpkg.com/@types/node/-/node-16.11.7.tgz#36820945061326978c42a01e56b61cd223dfdc42"
  integrity sha512-QB5D2sqfSjCmTuWcBWyJ+/44bcjO7VbjSbOE0ucoVbAsSNQc4Lt6QkgkVXkTDwkL4z/beecZNDvVX15D4P8Jbw==

typescript@4.4.3:
  version "4.4.3"
  resolved "https://registry.yarnpkg.com/typescript/-/typescript-4.4.3.tgz#bdc5407caa2b109efd4f82fe130656f977a29324"
  integrity sha512-4xfscpisVgqqDfPaJo5vkd+Qd/ItkoagnHpufr+i2QCHBsNYp+G7UAoyFl8aPtx879u38wPV65rZ8qbGZijalA==

unique-names-generator@4.4.0:
  version "4.4.0"
  resolved "https://registry.yarnpkg.com/unique-names-generator/-/unique-names-generator-4.4.0.tgz#8adc33aaff899beaa36247965090bb154370df3f"
  integrity sha512-0noP+m59TGwolNqnmXfiqMA5KiTudIk6D0VgzNkk2C1Jv3Lr+sY3T07nEWBg8Uq92/FjGca1klsRR6CXFriqFw==
